
Microsoft Visual Studio Solution File, Format Version 12.00
# Visual Studio Version 17
VisualStudioVersion = 17.5.33502.453
MinimumVisualStudioVersion = 10.0.40219.1
Project("{2150E333-8FDC-42A3-9474-1A3956D46DE8}") = "src", "src", "{B6B7721D-E711-470A-A58A-647725E6C9A6}"
EndProject
Project("{9A19103F-16F7-4668-BE54-9A1E7A4F7556}") = "Domain", "Domain\Domain.csproj", "{D19557EA-7D5C-4DEB-A03C-24EB17BF3315}"
EndProject
Project("{9A19103F-16F7-4668-BE54-9A1E7A4F7556}") = "Application", "Application\Application.csproj", "{0DC369FB-D795-407E-9AAE-A07C8EE1DB18}"
EndProject
Project("{9A19103F-16F7-4668-BE54-9A1E7A4F7556}") = "Infrastructure", "Infrastructure\Infrastructure.csproj", "{4C9A03E0-DD37-43EA-BF39-B1C7E0D83033}"
EndProject
Project("{9A19103F-16F7-4668-BE54-9A1E7A4F7556}") = "WebAPI", "WebAPI\WebAPI.csproj", "{D5B78EC0-C5E8-46CB-9589-9EB4DD7798B4}"
EndProject
Global
	GlobalSection(SolutionConfigurationPlatforms) = preSolution
		Debug|Any CPU = Debug|Any CPU
		Release|Any CPU = Release|Any CPU
	EndGlobalSection
	GlobalSection(ProjectConfigurationPlatforms) = postSolution
		{D19557EA-7D5C-4DEB-A03C-24EB17BF3315}.Debug|Any CPU.ActiveCfg = Debug|Any CPU
		{D19557EA-7D5C-4DEB-A03C-24EB17BF3315}.Debug|Any CPU.Build.0 = Debug|Any CPU
		{D19557EA-7D5C-4DEB-A03C-24EB17BF3315}.Release|Any CPU.ActiveCfg = Release|Any CPU
		{D19557EA-7D5C-4DEB-A03C-24EB17BF3315}.Release|Any CPU.Build.0 = Release|Any CPU
		{0DC369FB-D795-407E-9AAE-A07C8EE1DB18}.Debug|Any CPU.ActiveCfg = Debug|Any CPU
		{0DC369FB-D795-407E-9AAE-A07C8EE1DB18}.Debug|Any CPU.Build.0 = Debug|Any CPU
		{0DC369FB-D795-407E-9AAE-A07C8EE1DB18}.Release|Any CPU.ActiveCfg = Release|Any CPU
		{0DC369FB-D795-407E-9AAE-A07C8EE1DB18}.Release|Any CPU.Build.0 = Release|Any CPU
		{4C9A03E0-DD37-43EA-BF39-B1C7E0D83033}.Debug|Any CPU.ActiveCfg = Debug|Any CPU
		{4C9A03E0-DD37-43EA-BF39-B1C7E0D83033}.Debug|Any CPU.Build.0 = Debug|Any CPU
		{4C9A03E0-DD37-43EA-BF39-B1C7E0D83033}.Release|Any CPU.ActiveCfg = Release|Any CPU
		{4C9A03E0-DD37-43EA-BF39-B1C7E0D83033}.Release|Any CPU.Build.0 = Release|Any CPU
		{D5B78EC0-C5E8-46CB-9589-9EB4DD7798B4}.Debug|Any CPU.ActiveCfg = Debug|Any CPU
		{D5B78EC0-C5E8-46CB-9589-9EB4DD7798B4}.Debug|Any CPU.Build.0 = Debug|Any CPU
		{D5B78EC0-C5E8-46CB-9589-9EB4DD7798B4}.Release|Any CPU.ActiveCfg = Release|Any CPU
		{D5B78EC0-C5E8-46CB-9589-9EB4DD7798B4}.Release|Any CPU.Build.0 = Release|Any CPU
	EndGlobalSection
	GlobalSection(SolutionProperties) = preSolution
		HideSolutionNode = FALSE
	EndGlobalSection
	GlobalSection(NestedProjects) = preSolution
		{D19557EA-7D5C-4DEB-A03C-24EB17BF3315} = {B6B7721D-E711-470A-A58A-647725E6C9A6}
		{0DC369FB-D795-407E-9AAE-A07C8EE1DB18} = {B6B7721D-E711-470A-A58A-647725E6C9A6}
		{4C9A03E0-DD37-43EA-BF39-B1C7E0D83033} = {B6B7721D-E711-470A-A58A-647725E6C9A6}
		{D5B78EC0-C5E8-46CB-9589-9EB4DD7798B4} = {B6B7721D-E711-470A-A58A-647725E6C9A6}
	EndGlobalSection
	GlobalSection(ExtensibilityGlobals) = postSolution
		SolutionGuid = {75E51E35-9B51-4A88-8744-7186607996F8}
	EndGlobalSection
EndGlobal
